schema: '2.0'
stages:
  preprocess_mnist:
    cmd: python src/preprocess.py
    deps:
    - path: src/preprocess.py
      md5: 3189a5aacb3cd02ceb70508a31d43b29
      size: 1645
    outs:
    - path: data/data.pickle
      md5: 189b035b9612f4d53293a7be51df3486
      size: 222320349
  train_keras:
    cmd: python src/train_keras.py
    deps:
    - path: data/data.pickle
      md5: 189b035b9612f4d53293a7be51df3486
      size: 222320349
    - path: src/train_keras.py
      md5: 9ef96cba1e1e3c0de3a27014b4375854
      size: 1905
    outs:
    - path: models/mnist_model_5.h5
      md5: 8cd5424dfd8e488ffa6703e63f3b6717
      size: 28614592
  train_tree:
    cmd: python src/train_forest.py
    deps:
    - path: data/data.pickle
      md5: 189b035b9612f4d53293a7be51df3486
      size: 222320349
    - path: src/train_forest.py
      md5: de0ac02b7a3ec6d343fcb24e1ed7cb24
      size: 719
    outs:
    - path: models/random_forest_50.joblib
      md5: c8338ebb691a847bf661b67d0bbd794f
      size: 107849419
  evaluate:
    cmd: python src/evaluate.py models/
    deps:
    - path: models/
      md5: e716bd483b9ccd062e38f511cd8b1784.dir
      size: 136464011
      nfiles: 2
    - path: src/evaluate.py
      md5: 45c483cfd4bdbca68e79c180a1f92ce9
      size: 2052
    outs:
    - path: reports/scores.json
      md5: c297e021fc0414c2c29912b9480bf440
      size: 69
