schema: '2.0'
stages:
  preprocess_mnist:
    cmd: python src/preprocess.py
    deps:
    - path: src/preprocess.py
      md5: 1663239c9848bac1260c1bc281b4a04c
      size: 1868
  train_keras:
    cmd: python src/train_keras.py
    deps:
    - path: src/train_keras.py
      md5: ccf42d88988d86550136dbbebb4fbb60
      size: 1471
  evaluate_keras:
    cmd: python src/evaluate.py
    deps:
    - path: src/evaluate.py
      md5: a456fe98a78411df76aaca62234dcfa1
      size: 716
    outs:
    - path: scores.json
      md5: aac1860fc6f2eb6ec965684edb8e47c6
      size: 52
